
Microsoft Visual Studio Solution File, Format Version 12.00
# Visual Studio Version 17
VisualStudioVersion = 17.6.33815.320
MinimumVisualStudioVersion = 10.0.40219.1
Project("{FAE04EC0-301F-11D3-BF4B-00C04F79EFBC}") = "kursova", "kursova\kursova.csproj", "{68715D34-1D73-4B5F-B248-349384009C68}"
EndProject
Global
	GlobalSection(SolutionConfigurationPlatforms) = preSolution
		Debug|Any CPU = Debug|Any CPU
		Release|Any CPU = Release|Any CPU
	EndGlobalSection
	GlobalSection(ProjectConfigurationPlatforms) = postSolution
		{68715D34-1D73-4B5F-B248-349384009C68}.Debug|Any CPU.ActiveCfg = Debug|Any CPU
		{68715D34-1D73-4B5F-B248-349384009C68}.Debug|Any CPU.Build.0 = Debug|Any CPU
		{68715D34-1D73-4B5F-B248-349384009C68}.Release|Any CPU.ActiveCfg = Release|Any CPU
		{68715D34-1D73-4B5F-B248-349384009C68}.Release|Any CPU.Build.0 = Release|Any CPU
	EndGlobalSection
	GlobalSection(SolutionProperties) = preSolution
		HideSolutionNode = FALSE
	EndGlobalSection
	GlobalSection(ExtensibilityGlobals) = postSolution
		SolutionGuid = {7E42A7BA-0A22-4445-B090-20AAFBAEBAF6}
	EndGlobalSection
EndGlobal
